
Microsoft Visual Studio Solution File, Format Version 12.00
# Visual Studio 14
VisualStudioVersion = 14.0.25420.1
MinimumVisualStudioVersion = 10.0.40219.1
Project("{FAE04EC0-301F-11D3-BF4B-00C04F79EFBC}") = "AmigosDeSangre", "AmigosDeSangre\AmigosDeSangre.csproj", "{9805D488-5E40-45A3-BB09-28B599A20A5F}"
EndProject
Project("{FAE04EC0-301F-11D3-BF4B-00C04F79EFBC}") = "AmigosDeSangre.Datos", "AmigosDeSangre.Datos\AmigosDeSangre.Datos.csproj", "{32DD2B36-2DE4-45E7-BE52-33CB6FACF845}"
EndProject
Project("{FAE04EC0-301F-11D3-BF4B-00C04F79EFBC}") = "AmigosDeSangre.Entidades", "AmigosDeSangre.Entidades\AmigosDeSangre.Entidades.csproj", "{C5C39CF9-1D8E-4304-A0E7-495B503D5EDC}"
EndProject
Project("{FAE04EC0-301F-11D3-BF4B-00C04F79EFBC}") = "AmigosDeSangre.Servicios", "AmigosDeSangre.Servicios\AmigosDeSangre.Servicios.csproj", "{0AA7B2BE-7D57-4E68-9284-FA8A672C6C2D}"
EndProject
Global
	GlobalSection(SolutionConfigurationPlatforms) = preSolution
		Debug|Any CPU = Debug|Any CPU
		Release|Any CPU = Release|Any CPU
	EndGlobalSection
	GlobalSection(ProjectConfigurationPlatforms) = postSolution
		{9805D488-5E40-45A3-BB09-28B599A20A5F}.Debug|Any CPU.ActiveCfg = Debug|Any CPU
		{9805D488-5E40-45A3-BB09-28B599A20A5F}.Debug|Any CPU.Build.0 = Debug|Any CPU
		{9805D488-5E40-45A3-BB09-28B599A20A5F}.Release|Any CPU.ActiveCfg = Release|Any CPU
		{9805D488-5E40-45A3-BB09-28B599A20A5F}.Release|Any CPU.Build.0 = Release|Any CPU
		{32DD2B36-2DE4-45E7-BE52-33CB6FACF845}.Debug|Any CPU.ActiveCfg = Debug|Any CPU
		{32DD2B36-2DE4-45E7-BE52-33CB6FACF845}.Debug|Any CPU.Build.0 = Debug|Any CPU
		{32DD2B36-2DE4-45E7-BE52-33CB6FACF845}.Release|Any CPU.ActiveCfg = Release|Any CPU
		{32DD2B36-2DE4-45E7-BE52-33CB6FACF845}.Release|Any CPU.Build.0 = Release|Any CPU
		{C5C39CF9-1D8E-4304-A0E7-495B503D5EDC}.Debug|Any CPU.ActiveCfg = Debug|Any CPU
		{C5C39CF9-1D8E-4304-A0E7-495B503D5EDC}.Debug|Any CPU.Build.0 = Debug|Any CPU
		{C5C39CF9-1D8E-4304-A0E7-495B503D5EDC}.Release|Any CPU.ActiveCfg = Release|Any CPU
		{C5C39CF9-1D8E-4304-A0E7-495B503D5EDC}.Release|Any CPU.Build.0 = Release|Any CPU
		{0AA7B2BE-7D57-4E68-9284-FA8A672C6C2D}.Debug|Any CPU.ActiveCfg = Debug|Any CPU
		{0AA7B2BE-7D57-4E68-9284-FA8A672C6C2D}.Debug|Any CPU.Build.0 = Debug|Any CPU
		{0AA7B2BE-7D57-4E68-9284-FA8A672C6C2D}.Release|Any CPU.ActiveCfg = Release|Any CPU
		{0AA7B2BE-7D57-4E68-9284-FA8A672C6C2D}.Release|Any CPU.Build.0 = Release|Any CPU
	EndGlobalSection
	GlobalSection(SolutionProperties) = preSolution
		HideSolutionNode = FALSE
	EndGlobalSection
EndGlobal
